
Microsoft Visual Studio Solution File, Format Version 12.00
# Visual Studio Version 17
VisualStudioVersion = 17.6.33815.320
MinimumVisualStudioVersion = 10.0.40219.1
Project("{FAE04EC0-301F-11D3-BF4B-00C04F79EFBC}") = "ConApp_Assesment07", "ConApp_Assesment07.csproj", "{772FCBD8-EB6D-44E7-812D-BA74CD75E97F}"
EndProject
Global
	GlobalSection(SolutionConfigurationPlatforms) = preSolution
		Debug|Any CPU = Debug|Any CPU
		Release|Any CPU = Release|Any CPU
	EndGlobalSection
	GlobalSection(ProjectConfigurationPlatforms) = postSolution
		{772FCBD8-EB6D-44E7-812D-BA74CD75E97F}.Debug|Any CPU.ActiveCfg = Debug|Any CPU
		{772FCBD8-EB6D-44E7-812D-BA74CD75E97F}.Debug|Any CPU.Build.0 = Debug|Any CPU
		{772FCBD8-EB6D-44E7-812D-BA74CD75E97F}.Release|Any CPU.ActiveCfg = Release|Any CPU
		{772FCBD8-EB6D-44E7-812D-BA74CD75E97F}.Release|Any CPU.Build.0 = Release|Any CPU
	EndGlobalSection
	GlobalSection(SolutionProperties) = preSolution
		HideSolutionNode = FALSE
	EndGlobalSection
	GlobalSection(ExtensibilityGlobals) = postSolution
		SolutionGuid = {4D906BBD-33E0-46D4-ABAB-4D6902ACEA7E}
	EndGlobalSection
EndGlobal
